
Microsoft Visual Studio Solution File, Format Version 11.00
# Visual Studio 2010
Project("{FAE04EC0-301F-11D3-BF4B-00C04F79EFBC}") = "SmartLaw", "SmartLaw\SmartLaw.csproj", "{92074B15-C01E-42AB-8869-F05607450864}"
EndProject
Project("{FAE04EC0-301F-11D3-BF4B-00C04F79EFBC}") = "BLL", "BLL\BLL.csproj", "{342A174F-76C2-4DF6-BF5B-6135493622DC}"
EndProject
Project("{FAE04EC0-301F-11D3-BF4B-00C04F79EFBC}") = "Common", "Common\Common.csproj", "{E9285D5A-BBDC-4E78-81FC-9354577365EA}"
EndProject
Project("{FAE04EC0-301F-11D3-BF4B-00C04F79EFBC}") = "DAL", "DAL\DAL.csproj", "{0C2DEC68-C653-4B4D-A060-C5696B882FA2}"
EndProject
Project("{FAE04EC0-301F-11D3-BF4B-00C04F79EFBC}") = "DBUtility", "DBUtility\DBUtility.csproj", "{76ED5A96-E579-4FEC-8502-C36B0B493B74}"
EndProject
Project("{FAE04EC0-301F-11D3-BF4B-00C04F79EFBC}") = "DataSyncService", "DataSyncService\DataSyncService.csproj", "{0D6E72C4-3186-4DF7-A153-1D06E822C46F}"
EndProject
Global
	GlobalSection(SolutionConfigurationPlatforms) = preSolution
		Debug|Any CPU = Debug|Any CPU
		Release|Any CPU = Release|Any CPU
	EndGlobalSection
	GlobalSection(ProjectConfigurationPlatforms) = postSolution
		{92074B15-C01E-42AB-8869-F05607450864}.Debug|Any CPU.ActiveCfg = Debug|Any CPU
		{92074B15-C01E-42AB-8869-F05607450864}.Debug|Any CPU.Build.0 = Debug|Any CPU
		{92074B15-C01E-42AB-8869-F05607450864}.Release|Any CPU.ActiveCfg = Release|Any CPU
		{92074B15-C01E-42AB-8869-F05607450864}.Release|Any CPU.Build.0 = Release|Any CPU
		{342A174F-76C2-4DF6-BF5B-6135493622DC}.Debug|Any CPU.ActiveCfg = Debug|Any CPU
		{342A174F-76C2-4DF6-BF5B-6135493622DC}.Debug|Any CPU.Build.0 = Debug|Any CPU
		{342A174F-76C2-4DF6-BF5B-6135493622DC}.Release|Any CPU.ActiveCfg = Release|Any CPU
		{342A174F-76C2-4DF6-BF5B-6135493622DC}.Release|Any CPU.Build.0 = Release|Any CPU
		{E9285D5A-BBDC-4E78-81FC-9354577365EA}.Debug|Any CPU.ActiveCfg = Debug|Any CPU
		{E9285D5A-BBDC-4E78-81FC-9354577365EA}.Debug|Any CPU.Build.0 = Debug|Any CPU
		{E9285D5A-BBDC-4E78-81FC-9354577365EA}.Release|Any CPU.ActiveCfg = Release|Any CPU
		{E9285D5A-BBDC-4E78-81FC-9354577365EA}.Release|Any CPU.Build.0 = Release|Any CPU
		{0C2DEC68-C653-4B4D-A060-C5696B882FA2}.Debug|Any CPU.ActiveCfg = Debug|Any CPU
		{0C2DEC68-C653-4B4D-A060-C5696B882FA2}.Debug|Any CPU.Build.0 = Debug|Any CPU
		{0C2DEC68-C653-4B4D-A060-C5696B882FA2}.Release|Any CPU.ActiveCfg = Release|Any CPU
		{0C2DEC68-C653-4B4D-A060-C5696B882FA2}.Release|Any CPU.Build.0 = Release|Any CPU
		{76ED5A96-E579-4FEC-8502-C36B0B493B74}.Debug|Any CPU.ActiveCfg = Debug|Any CPU
		{76ED5A96-E579-4FEC-8502-C36B0B493B74}.Debug|Any CPU.Build.0 = Debug|Any CPU
		{76ED5A96-E579-4FEC-8502-C36B0B493B74}.Release|Any CPU.ActiveCfg = Release|Any CPU
		{76ED5A96-E579-4FEC-8502-C36B0B493B74}.Release|Any CPU.Build.0 = Release|Any CPU
		{0D6E72C4-3186-4DF7-A153-1D06E822C46F}.Debug|Any CPU.ActiveCfg = Debug|Any CPU
		{0D6E72C4-3186-4DF7-A153-1D06E822C46F}.Debug|Any CPU.Build.0 = Debug|Any CPU
		{0D6E72C4-3186-4DF7-A153-1D06E822C46F}.Release|Any CPU.ActiveCfg = Release|Any CPU
		{0D6E72C4-3186-4DF7-A153-1D06E822C46F}.Release|Any CPU.Build.0 = Release|Any CPU
	EndGlobalSection
	GlobalSection(SolutionProperties) = preSolution
		HideSolutionNode = FALSE
	EndGlobalSection
EndGlobal
